
Microsoft Visual Studio Solution File, Format Version 12.00
# Visual Studio Version 16
VisualStudioVersion = 16.0.31205.134
MinimumVisualStudioVersion = 10.0.40219.1
Project("{9A19103F-16F7-4668-BE54-9A1E7A4F7556}") = "UploadingFileDemo.UI", "UploadingFileDemo.UI\UploadingFileDemo.UI.csproj", "{1F9BD841-ACAB-4673-AFF3-690115A03812}"
EndProject
Global
	GlobalSection(SolutionConfigurationPlatforms) = preSolution
		Debug|Any CPU = Debug|Any CPU
		Release|Any CPU = Release|Any CPU
	EndGlobalSection
	GlobalSection(ProjectConfigurationPlatforms) = postSolution
		{1F9BD841-ACAB-4673-AFF3-690115A03812}.Debug|Any CPU.ActiveCfg = Debug|Any CPU
		{1F9BD841-ACAB-4673-AFF3-690115A03812}.Debug|Any CPU.Build.0 = Debug|Any CPU
		{1F9BD841-ACAB-4673-AFF3-690115A03812}.Release|Any CPU.ActiveCfg = Release|Any CPU
		{1F9BD841-ACAB-4673-AFF3-690115A03812}.Release|Any CPU.Build.0 = Release|Any CPU
	EndGlobalSection
	GlobalSection(SolutionProperties) = preSolution
		HideSolutionNode = FALSE
	EndGlobalSection
	GlobalSection(ExtensibilityGlobals) = postSolution
		SolutionGuid = {BB00C509-53F2-40B5-8F6A-063F1AF99100}
	EndGlobalSection
EndGlobal
